
Microsoft Visual Studio Solution File, Format Version 12.00
# Visual Studio Version 17
VisualStudioVersion = 17.0.31903.59
MinimumVisualStudioVersion = 10.0.40219.1
Project("{FAE04EC0-301F-11D3-BF4B-00C04F79EFBC}") = "Projeto1", "Projeto1\Projeto1.csproj", "{7097593A-00B3-4CE9-99D8-655301D60FB4}"
EndProject
Project("{FAE04EC0-301F-11D3-BF4B-00C04F79EFBC}") = "Projeto2", "Projeto2\Projeto2.csproj", "{F3A09D17-0447-42DA-AD12-F5D1EECCA4E3}"
EndProject
Global
	GlobalSection(SolutionConfigurationPlatforms) = preSolution
		Debug|Any CPU = Debug|Any CPU
		Release|Any CPU = Release|Any CPU
	EndGlobalSection
	GlobalSection(SolutionProperties) = preSolution
		HideSolutionNode = FALSE
	EndGlobalSection
	GlobalSection(ProjectConfigurationPlatforms) = postSolution
		{7097593A-00B3-4CE9-99D8-655301D60FB4}.Debug|Any CPU.ActiveCfg = Debug|Any CPU
		{7097593A-00B3-4CE9-99D8-655301D60FB4}.Debug|Any CPU.Build.0 = Debug|Any CPU
		{7097593A-00B3-4CE9-99D8-655301D60FB4}.Release|Any CPU.ActiveCfg = Release|Any CPU
		{7097593A-00B3-4CE9-99D8-655301D60FB4}.Release|Any CPU.Build.0 = Release|Any CPU
		{F3A09D17-0447-42DA-AD12-F5D1EECCA4E3}.Debug|Any CPU.ActiveCfg = Debug|Any CPU
		{F3A09D17-0447-42DA-AD12-F5D1EECCA4E3}.Debug|Any CPU.Build.0 = Debug|Any CPU
		{F3A09D17-0447-42DA-AD12-F5D1EECCA4E3}.Release|Any CPU.ActiveCfg = Release|Any CPU
		{F3A09D17-0447-42DA-AD12-F5D1EECCA4E3}.Release|Any CPU.Build.0 = Release|Any CPU
	EndGlobalSection
EndGlobal
